// !$*UTF8*$!
{
	archiveVersion = 1;
	classes = {
	};
	objectVersion = 46;
	objects = {

/* Begin PBXGroup section */
		8120BF2414155F7C00D55D83 = {
			isa = PBXGroup;
			children = (
			);
			sourceTree = "<group>";
		};
/* End PBXGroup section */

/* Begin PBXProject section */
		8120BF2614155F7C00D55D83 /* Project object */ = {
			isa = PBXProject;
			buildConfigurationList = 8120BF2914155F7C00D55D83 /* Build configuration list for PBXProject "MongoDB Perl6 driver" */;
			compatibilityVersion = "Xcode 3.2";
			developmentRegion = English;
			hasScannedForEncodings = 0;
			knownRegions = (
				en,
			);
			mainGroup = 8120BF2414155F7C00D55D83;
			projectDirPath = "";
			projectRoot = "";
			targets = (
			);
		};
/* End PBXProject section */

/* Begin XCBuildConfiguration section */
		8120BF2B14155F7C00D55D83 /* Debug */ = {
			isa = XCBuildConfiguration;
			buildSettings = {
			};
			name = Debug;
		};
		8120BF2C14155F7C00D55D83 /* Release */ = {
			isa = XCBuildConfiguration;
			buildSettings = {
			};
			name = Release;
		};
/* End XCBuildConfiguration section */

/* Begin XCConfigurationList section */
		8120BF2914155F7C00D55D83 /* Build configuration list for PBXProject "MongoDB Perl6 driver" */ = {
			isa = XCConfigurationList;
			buildConfigurations = (
				8120BF2B14155F7C00D55D83 /* Debug */,
				8120BF2C14155F7C00D55D83 /* Release */,
			);
			defaultConfigurationIsVisible = 0;
			defaultConfigurationName = Release;
		};
/* End XCConfigurationList section */
	};
	rootObject = 8120BF2614155F7C00D55D83 /* Project object */;
}
