// !$*UTF8*$!
{
	archiveVersion = 1;
	classes = {
	};
	objectVersion = 46;
	objects = {

/* Begin PBXFileReference section */
		81322EC71441DCD900D0AF15 /* logo_32x32.png */ = {isa = PBXFileReference; lastKnownFileType = image.png; path = logo_32x32.png; sourceTree = "<group>"; };
		81322EC81441DCD900D0AF15 /* META.info */ = {isa = PBXFileReference; lastKnownFileType = text; path = META.info; sourceTree = "<group>"; };
		81C247041416C8BA000A420F /* README */ = {isa = PBXFileReference; lastKnownFileType = text; path = README; sourceTree = "<group>"; };
		81C247071416C8F9000A420F /* Collection.pm */ = {isa = PBXFileReference; lastKnownFileType = text.script.perl; path = Collection.pm; sourceTree = "<group>"; };
		81C247081416C8F9000A420F /* Connection.pm */ = {isa = PBXFileReference; lastKnownFileType = text.script.perl; path = Connection.pm; sourceTree = "<group>"; };
		81C247091416C8F9000A420F /* Cursor.pm */ = {isa = PBXFileReference; lastKnownFileType = text.script.perl; path = Cursor.pm; sourceTree = "<group>"; };
		81C2470A1416C8F9000A420F /* DataBase.pm */ = {isa = PBXFileReference; lastKnownFileType = text.script.perl; path = DataBase.pm; sourceTree = "<group>"; };
		81C2470B1416C8F9000A420F /* Wire.pm */ = {isa = PBXFileReference; lastKnownFileType = text.script.perl; path = Wire.pm; sourceTree = "<group>"; };
		81C2470C1416C8F9000A420F /* MongoDB.pm */ = {isa = PBXFileReference; lastKnownFileType = text.script.perl; path = MongoDB.pm; sourceTree = "<group>"; };
		81C2470E1416C90A000A420F /* load.t */ = {isa = PBXFileReference; lastKnownFileType = text; path = load.t; sourceTree = "<group>"; };
		81C247101416C90A000A420F /* wire.t */ = {isa = PBXFileReference; lastKnownFileType = text; path = wire.t; sourceTree = "<group>"; };
/* End PBXFileReference section */

/* Begin PBXGroup section */
		81322EC61441DCD900D0AF15 /* logotype */ = {
			isa = PBXGroup;
			children = (
				81322EC71441DCD900D0AF15 /* logo_32x32.png */,
			);
			path = logotype;
			sourceTree = "<group>";
		};
		81C246FB1416C6B8000A420F = {
			isa = PBXGroup;
			children = (
				81322EC61441DCD900D0AF15 /* logotype */,
				81322EC81441DCD900D0AF15 /* META.info */,
				81C2470D1416C90A000A420F /* t */,
				81C247041416C8BA000A420F /* README */,
				81C247051416C8F9000A420F /* lib */,
			);
			sourceTree = "<group>";
		};
		81C247051416C8F9000A420F /* lib */ = {
			isa = PBXGroup;
			children = (
				81C247061416C8F9000A420F /* MongoDB */,
				81C2470C1416C8F9000A420F /* MongoDB.pm */,
			);
			path = lib;
			sourceTree = "<group>";
		};
		81C247061416C8F9000A420F /* MongoDB */ = {
			isa = PBXGroup;
			children = (
				81C247071416C8F9000A420F /* Collection.pm */,
				81C247081416C8F9000A420F /* Connection.pm */,
				81C247091416C8F9000A420F /* Cursor.pm */,
				81C2470A1416C8F9000A420F /* DataBase.pm */,
				81C2470B1416C8F9000A420F /* Wire.pm */,
			);
			path = MongoDB;
			sourceTree = "<group>";
		};
		81C2470D1416C90A000A420F /* t */ = {
			isa = PBXGroup;
			children = (
				81C2470E1416C90A000A420F /* load.t */,
				81C247101416C90A000A420F /* wire.t */,
			);
			path = t;
			sourceTree = "<group>";
		};
/* End PBXGroup section */

/* Begin PBXProject section */
		81C246FD1416C6B8000A420F /* Project object */ = {
			isa = PBXProject;
			buildConfigurationList = 81C247001416C6B8000A420F /* Build configuration list for PBXProject "MongoDB Perl6 driver" */;
			compatibilityVersion = "Xcode 3.2";
			developmentRegion = English;
			hasScannedForEncodings = 0;
			knownRegions = (
				en,
			);
			mainGroup = 81C246FB1416C6B8000A420F;
			projectDirPath = "";
			projectRoot = "";
			targets = (
			);
		};
/* End PBXProject section */

/* Begin XCBuildConfiguration section */
		81C247021416C6B8000A420F /* Debug */ = {
			isa = XCBuildConfiguration;
			buildSettings = {
			};
			name = Debug;
		};
		81C247031416C6B8000A420F /* Release */ = {
			isa = XCBuildConfiguration;
			buildSettings = {
			};
			name = Release;
		};
/* End XCBuildConfiguration section */

/* Begin XCConfigurationList section */
		81C247001416C6B8000A420F /* Build configuration list for PBXProject "MongoDB Perl6 driver" */ = {
			isa = XCConfigurationList;
			buildConfigurations = (
				81C247021416C6B8000A420F /* Debug */,
				81C247031416C6B8000A420F /* Release */,
			);
			defaultConfigurationIsVisible = 0;
			defaultConfigurationName = Release;
		};
/* End XCConfigurationList section */
	};
	rootObject = 81C246FD1416C6B8000A420F /* Project object */;
}
